
Microsoft Visual Studio Solution File, Format Version 12.00
# Visual Studio Version 16
VisualStudioVersion = 16.0.34407.143
MinimumVisualStudioVersion = 10.0.40219.1
Project("{FAE04EC0-301F-11D3-BF4B-00C04F79EFBC}") = "Bavity-Extractor", "Bavity-Extractor.csproj", "{09B767FD-1225-4FA7-84DC-0D73534AB15D}"
EndProject
Global
	GlobalSection(SolutionConfigurationPlatforms) = preSolution
		Debug|Any CPU = Debug|Any CPU
		Release|Any CPU = Release|Any CPU
	EndGlobalSection
	GlobalSection(ProjectConfigurationPlatforms) = postSolution
		{09B767FD-1225-4FA7-84DC-0D73534AB15D}.Debug|Any CPU.ActiveCfg = Debug|Any CPU
		{09B767FD-1225-4FA7-84DC-0D73534AB15D}.Debug|Any CPU.Build.0 = Debug|Any CPU
		{09B767FD-1225-4FA7-84DC-0D73534AB15D}.Release|Any CPU.ActiveCfg = Release|Any CPU
		{09B767FD-1225-4FA7-84DC-0D73534AB15D}.Release|Any CPU.Build.0 = Release|Any CPU
	EndGlobalSection
	GlobalSection(SolutionProperties) = preSolution
		HideSolutionNode = FALSE
	EndGlobalSection
	GlobalSection(ExtensibilityGlobals) = postSolution
		SolutionGuid = {6A16606E-1D5F-45FD-ACEB-55C7B8045009}
	EndGlobalSection
EndGlobal
